github.com/lamrongol/regression v0.0.0-20250328110234-df95bdbc2d7e h1:6KoOwehpN+wMIkGyZieOd60Srebrk0rdgbMJdU5kILI=
github.com/lamrongol/regression v0.0.0-20250328110234-df95bdbc2d7e/go.mod h1:NIjGedIbnl2UdZsfxv3apYYPes5QtD4zoG3C7VFU7FI=
gonum.org/v1/gonum v0.16.0 h1:5+ul4Swaf3ESvrOnidPp4GZbzf0mxVQpDCYUQE7OJfk=
gonum.org/v1/gonum v0.16.0/go.mod h1:fef3am4MQ93R2HHpKnLk4/Tbh/s0+wqD5nfa6Pnwy4E=
